
Microsoft Visual Studio Solution File, Format Version 12.00
# Visual Studio 15
VisualStudioVersion = 15.0.26124.0
MinimumVisualStudioVersion = 15.0.26124.0
Project("{FAE04EC0-301F-11D3-BF4B-00C04F79EFBC}") = "QuickBuy.Repositorio", "QuickBuy.Repositorio\QuickBuy.Repositorio.csproj", "{D569C21C-F149-4E80-9138-26ADDC17A57B}"
EndProject
Project("{FAE04EC0-301F-11D3-BF4B-00C04F79EFBC}") = "QuickBuy.Web", "QuickBuy.Web\QuickBuy.Web.csproj", "{E425DA36-D810-4D56-9223-7830557CAF5B}"
EndProject
Project("{FAE04EC0-301F-11D3-BF4B-00C04F79EFBC}") = "QuickBuy.Dominio", "QuickBuy.Dominio\QuickBuy.Dominio.csproj", "{E2A62CCF-9D11-402E-A7D0-BCEBF3D11064}"
EndProject
Global
	GlobalSection(SolutionConfigurationPlatforms) = preSolution
		Debug|Any CPU = Debug|Any CPU
		Debug|x64 = Debug|x64
		Debug|x86 = Debug|x86
		Release|Any CPU = Release|Any CPU
		Release|x64 = Release|x64
		Release|x86 = Release|x86
	EndGlobalSection
	GlobalSection(SolutionProperties) = preSolution
		HideSolutionNode = FALSE
	EndGlobalSection
	GlobalSection(ProjectConfigurationPlatforms) = postSolution
		{D569C21C-F149-4E80-9138-26ADDC17A57B}.Debug|Any CPU.ActiveCfg = Debug|Any CPU
		{D569C21C-F149-4E80-9138-26ADDC17A57B}.Debug|Any CPU.Build.0 = Debug|Any CPU
		{D569C21C-F149-4E80-9138-26ADDC17A57B}.Debug|x64.ActiveCfg = Debug|Any CPU
		{D569C21C-F149-4E80-9138-26ADDC17A57B}.Debug|x64.Build.0 = Debug|Any CPU
		{D569C21C-F149-4E80-9138-26ADDC17A57B}.Debug|x86.ActiveCfg = Debug|Any CPU
		{D569C21C-F149-4E80-9138-26ADDC17A57B}.Debug|x86.Build.0 = Debug|Any CPU
		{D569C21C-F149-4E80-9138-26ADDC17A57B}.Release|Any CPU.ActiveCfg = Release|Any CPU
		{D569C21C-F149-4E80-9138-26ADDC17A57B}.Release|Any CPU.Build.0 = Release|Any CPU
		{D569C21C-F149-4E80-9138-26ADDC17A57B}.Release|x64.ActiveCfg = Release|Any CPU
		{D569C21C-F149-4E80-9138-26ADDC17A57B}.Release|x64.Build.0 = Release|Any CPU
		{D569C21C-F149-4E80-9138-26ADDC17A57B}.Release|x86.ActiveCfg = Release|Any CPU
		{D569C21C-F149-4E80-9138-26ADDC17A57B}.Release|x86.Build.0 = Release|Any CPU
		{E425DA36-D810-4D56-9223-7830557CAF5B}.Debug|Any CPU.ActiveCfg = Debug|Any CPU
		{E425DA36-D810-4D56-9223-7830557CAF5B}.Debug|Any CPU.Build.0 = Debug|Any CPU
		{E425DA36-D810-4D56-9223-7830557CAF5B}.Debug|x64.ActiveCfg = Debug|Any CPU
		{E425DA36-D810-4D56-9223-7830557CAF5B}.Debug|x64.Build.0 = Debug|Any CPU
		{E425DA36-D810-4D56-9223-7830557CAF5B}.Debug|x86.ActiveCfg = Debug|Any CPU
		{E425DA36-D810-4D56-9223-7830557CAF5B}.Debug|x86.Build.0 = Debug|Any CPU
		{E425DA36-D810-4D56-9223-7830557CAF5B}.Release|Any CPU.ActiveCfg = Release|Any CPU
		{E425DA36-D810-4D56-9223-7830557CAF5B}.Release|Any CPU.Build.0 = Release|Any CPU
		{E425DA36-D810-4D56-9223-7830557CAF5B}.Release|x64.ActiveCfg = Release|Any CPU
		{E425DA36-D810-4D56-9223-7830557CAF5B}.Release|x64.Build.0 = Release|Any CPU
		{E425DA36-D810-4D56-9223-7830557CAF5B}.Release|x86.ActiveCfg = Release|Any CPU
		{E425DA36-D810-4D56-9223-7830557CAF5B}.Release|x86.Build.0 = Release|Any CPU
		{E2A62CCF-9D11-402E-A7D0-BCEBF3D11064}.Debug|Any CPU.ActiveCfg = Debug|Any CPU
		{E2A62CCF-9D11-402E-A7D0-BCEBF3D11064}.Debug|Any CPU.Build.0 = Debug|Any CPU
		{E2A62CCF-9D11-402E-A7D0-BCEBF3D11064}.Debug|x64.ActiveCfg = Debug|Any CPU
		{E2A62CCF-9D11-402E-A7D0-BCEBF3D11064}.Debug|x64.Build.0 = Debug|Any CPU
		{E2A62CCF-9D11-402E-A7D0-BCEBF3D11064}.Debug|x86.ActiveCfg = Debug|Any CPU
		{E2A62CCF-9D11-402E-A7D0-BCEBF3D11064}.Debug|x86.Build.0 = Debug|Any CPU
		{E2A62CCF-9D11-402E-A7D0-BCEBF3D11064}.Release|Any CPU.ActiveCfg = Release|Any CPU
		{E2A62CCF-9D11-402E-A7D0-BCEBF3D11064}.Release|Any CPU.Build.0 = Release|Any CPU
		{E2A62CCF-9D11-402E-A7D0-BCEBF3D11064}.Release|x64.ActiveCfg = Release|Any CPU
		{E2A62CCF-9D11-402E-A7D0-BCEBF3D11064}.Release|x64.Build.0 = Release|Any CPU
		{E2A62CCF-9D11-402E-A7D0-BCEBF3D11064}.Release|x86.ActiveCfg = Release|Any CPU
		{E2A62CCF-9D11-402E-A7D0-BCEBF3D11064}.Release|x86.Build.0 = Release|Any CPU
	EndGlobalSection
EndGlobal
